<Solution>
  <Project Path="DataAccess/DataAccess.csproj" Id="38cea1d6-9f75-42c2-9ded-540875ab7d7d" />
  <Project Path="Services/Services.csproj" Id="e4b6b615-c675-4d92-ad58-466a331d59e9" />
  <Project Path="Shared/Shared.csproj" Id="23fbc2c8-ea69-4831-b571-2a2d27c05d44" />
  <Project Path="WebApiDemo/WebApiDemo.csproj" />
  <Project Path="WinFormsApp1/WinFormsApp1.csproj" Id="e04fc592-dba2-4719-b05c-c2b71054b957" />
</Solution>
